
Microsoft Visual Studio Solution File, Format Version 12.00
# Visual Studio Version 17
VisualStudioVersion = 17.12.35707.178
MinimumVisualStudioVersion = 10.0.40219.1
Project("{FAE04EC0-301F-11D3-BF4B-00C04F79EFBC}") = "Labb02_BookStore.Presentation", "Labb02_BookStore\Labb02_BookStore.Presentation.csproj", "{8FC0E8BB-8F38-4042-8067-6D37748138D7}"
EndProject
Project("{FAE04EC0-301F-11D3-BF4B-00C04F79EFBC}") = "Labb02_BookStore.Domain", "Labb02_BookStore.Domain\Labb02_BookStore.Domain.csproj", "{CDA4049D-992D-4383-8D1C-73F523C719A5}"
EndProject
Project("{FAE04EC0-301F-11D3-BF4B-00C04F79EFBC}") = "Labb02_BookStore.Infrastructure", "Labb02_BookStore.Infrastructure\Labb02_BookStore.Infrastructure.csproj", "{FD262439-AC62-46A3-8146-2B68360C94ED}"
EndProject
Global
	GlobalSection(SolutionConfigurationPlatforms) = preSolution
		Debug|Any CPU = Debug|Any CPU
		Release|Any CPU = Release|Any CPU
	EndGlobalSection
	GlobalSection(ProjectConfigurationPlatforms) = postSolution
		{8FC0E8BB-8F38-4042-8067-6D37748138D7}.Debug|Any CPU.ActiveCfg = Debug|Any CPU
		{8FC0E8BB-8F38-4042-8067-6D37748138D7}.Debug|Any CPU.Build.0 = Debug|Any CPU
		{8FC0E8BB-8F38-4042-8067-6D37748138D7}.Release|Any CPU.ActiveCfg = Release|Any CPU
		{8FC0E8BB-8F38-4042-8067-6D37748138D7}.Release|Any CPU.Build.0 = Release|Any CPU
		{CDA4049D-992D-4383-8D1C-73F523C719A5}.Debug|Any CPU.ActiveCfg = Debug|Any CPU
		{CDA4049D-992D-4383-8D1C-73F523C719A5}.Debug|Any CPU.Build.0 = Debug|Any CPU
		{CDA4049D-992D-4383-8D1C-73F523C719A5}.Release|Any CPU.ActiveCfg = Release|Any CPU
		{CDA4049D-992D-4383-8D1C-73F523C719A5}.Release|Any CPU.Build.0 = Release|Any CPU
		{FD262439-AC62-46A3-8146-2B68360C94ED}.Debug|Any CPU.ActiveCfg = Debug|Any CPU
		{FD262439-AC62-46A3-8146-2B68360C94ED}.Debug|Any CPU.Build.0 = Debug|Any CPU
		{FD262439-AC62-46A3-8146-2B68360C94ED}.Release|Any CPU.ActiveCfg = Release|Any CPU
		{FD262439-AC62-46A3-8146-2B68360C94ED}.Release|Any CPU.Build.0 = Release|Any CPU
	EndGlobalSection
	GlobalSection(SolutionProperties) = preSolution
		HideSolutionNode = FALSE
	EndGlobalSection
EndGlobal
